
Microsoft Visual Studio Solution File, Format Version 12.00
# Visual Studio 15
Project("{FAE04EC0-301F-11D3-BF4B-00C04F79EFBC}") = "ServerAppProgramming", "ServerAppProgramming\ServerAppProgramming.csproj", "{5D6BB9D0-AAEE-4F15-8F8E-E8AEAF8D4D22}"
EndProject
Global
	GlobalSection(SolutionConfigurationPlatforms) = preSolution
		Debug|Any CPU = Debug|Any CPU
		Release|Any CPU = Release|Any CPU
	EndGlobalSection
	GlobalSection(ProjectConfigurationPlatforms) = postSolution
		{5D6BB9D0-AAEE-4F15-8F8E-E8AEAF8D4D22}.Debug|Any CPU.ActiveCfg = Debug|Any CPU
		{5D6BB9D0-AAEE-4F15-8F8E-E8AEAF8D4D22}.Debug|Any CPU.Build.0 = Debug|Any CPU
		{5D6BB9D0-AAEE-4F15-8F8E-E8AEAF8D4D22}.Release|Any CPU.ActiveCfg = Release|Any CPU
		{5D6BB9D0-AAEE-4F15-8F8E-E8AEAF8D4D22}.Release|Any CPU.Build.0 = Release|Any CPU
	EndGlobalSection
EndGlobal
